{
  "originHash" : "dfba51820e68561f2927bed75931f92a3ab6d0b26cd96d566c76f2a5ddee8fa9",
  "pins" : [
    {
      "identity" : "capacitor-swift-pm",
      "kind" : "remoteSourceControl",
      "location" : "https://github.com/ionic-team/capacitor-swift-pm.git",
      "state" : {
        "revision" : "6afa7424fd2fcd8ca1e577478e8a00af284b7e82",
        "version" : "8.5.1"
      }
    },
    {
      "identity" : "powersync-sqlite-core-swift",
      "kind" : "remoteSourceControl",
      "location" : "https://github.com/powersync-ja/powersync-sqlite-core-swift.git",
      "state" : {
        "revision" : "0302873677f07039d5e2fc4d1aefdf093e8e6292",
        "version" : "0.5.3"
      }
    },
    {
      "identity" : "sqlcipher.swift",
      "kind" : "remoteSourceControl",
      "location" : "https://github.com/sqlcipher/SQLCipher.swift.git",
      "state" : {
        "revision" : "39f212458aeb88e33bdac2200a793a3f0d55d32b",
        "version" : "4.19.0"
      }
    },
    {
      "identity" : "zipfoundation",
      "kind" : "remoteSourceControl",
      "location" : "https://github.com/weichsel/ZIPFoundation.git",
      "state" : {
        "revision" : "22787ffb59de99e5dc1fbfe80b19c97a904ad48d",
        "version" : "0.9.20"
      }
    }
  ],
  "version" : 3
}
